
Microsoft Visual Studio Solution File, Format Version 12.00
# Visual Studio 15
Project("{FAE04EC0-301F-11D3-BF4B-00C04F79EFBC}") = "Assembly-CSharp", "Assembly-CSharp.csproj", "{CDC8800A-5F4D-04DB-FD1B-08EC529DFABD}"
EndProject
Project("{FAE04EC0-301F-11D3-BF4B-00C04F79EFBC}") = "Assembly-CSharp-Editor", "Assembly-CSharp-Editor.csproj", "{385B63EC-DF6D-CC07-E33D-D761A20C7C5F}"
EndProject
Global
	GlobalSection(SolutionConfigurationPlatforms) = preSolution
		Debug|Any CPU = Debug|Any CPU
		Release|Any CPU = Release|Any CPU
	EndGlobalSection
	GlobalSection(ProjectConfigurationPlatforms) = postSolution
		{CDC8800A-5F4D-04DB-FD1B-08EC529DFABD}.Debug|Any CPU.ActiveCfg = Debug|Any CPU
		{CDC8800A-5F4D-04DB-FD1B-08EC529DFABD}.Debug|Any CPU.Build.0 = Debug|Any CPU
		{CDC8800A-5F4D-04DB-FD1B-08EC529DFABD}.Release|Any CPU.ActiveCfg = Release|Any CPU
		{CDC8800A-5F4D-04DB-FD1B-08EC529DFABD}.Release|Any CPU.Build.0 = Release|Any CPU
		{385B63EC-DF6D-CC07-E33D-D761A20C7C5F}.Debug|Any CPU.ActiveCfg = Debug|Any CPU
		{385B63EC-DF6D-CC07-E33D-D761A20C7C5F}.Debug|Any CPU.Build.0 = Debug|Any CPU
		{385B63EC-DF6D-CC07-E33D-D761A20C7C5F}.Release|Any CPU.ActiveCfg = Release|Any CPU
		{385B63EC-DF6D-CC07-E33D-D761A20C7C5F}.Release|Any CPU.Build.0 = Release|Any CPU
	EndGlobalSection
	GlobalSection(SolutionProperties) = preSolution
		HideSolutionNode = FALSE
	EndGlobalSection
EndGlobal
